
Microsoft Visual Studio Solution File, Format Version 12.00
# Visual Studio 14
VisualStudioVersion = 14.0.23107.0
MinimumVisualStudioVersion = 10.0.40219.1
Project("{2150E333-8FDC-42A3-9474-1A3956D46DE8}") = "src", "src", "{E0A16448-6874-40A3-8498-40DACD4ACAB3}"
EndProject
Project("{2150E333-8FDC-42A3-9474-1A3956D46DE8}") = "Solution Items", "Solution Items", "{19F9FA05-D470-48DD-B7BD-877455B538B7}"
	ProjectSection(SolutionItems) = preProject
		global.json = global.json
	EndProjectSection
EndProject
Project("{8BB2217D-0F2D-49D1-97BC-3654ED321F3B}") = "FirstApp", "src\FirstApp\FirstApp.xproj", "{24E64265-41C6-4833-A383-5B5F9BEFD513}"
EndProject
Global
	GlobalSection(SolutionConfigurationPlatforms) = preSolution
		Debug|Any CPU = Debug|Any CPU
		Release|Any CPU = Release|Any CPU
	EndGlobalSection
	GlobalSection(ProjectConfigurationPlatforms) = postSolution
		{24E64265-41C6-4833-A383-5B5F9BEFD513}.Debug|Any CPU.ActiveCfg = Debug|Any CPU
		{24E64265-41C6-4833-A383-5B5F9BEFD513}.Debug|Any CPU.Build.0 = Debug|Any CPU
		{24E64265-41C6-4833-A383-5B5F9BEFD513}.Release|Any CPU.ActiveCfg = Release|Any CPU
		{24E64265-41C6-4833-A383-5B5F9BEFD513}.Release|Any CPU.Build.0 = Release|Any CPU
	EndGlobalSection
	GlobalSection(SolutionProperties) = preSolution
		HideSolutionNode = FALSE
	EndGlobalSection
	GlobalSection(NestedProjects) = preSolution
		{24E64265-41C6-4833-A383-5B5F9BEFD513} = {E0A16448-6874-40A3-8498-40DACD4ACAB3}
	EndGlobalSection
EndGlobal
